// !$*UTF8*$!
{
	archiveVersion = 1;
	classes = {
	};
	objectVersion = 46;
	objects = {

/* Begin PBXBuildFile section */
		F5974AA41BF47FDF000A5FC9 /* Chrono.cpp in Sources */ = {isa = PBXBuildFile; fileRef = F5974A9F1BF47FDF000A5FC9 /* Chrono.cpp */; };
		F5974AA51BF47FDF000A5FC9 /* main.cpp in Sources */ = {isa = PBXBuildFile; fileRef = F5974AA31BF47FDF000A5FC9 /* main.cpp */; };
/* End PBXBuildFile section */

/* Begin PBXCopyFilesBuildPhase section */
		F5974A961BF47FA9000A5FC9 /* CopyFiles */ = {
			isa = PBXCopyFilesBuildPhase;
			buildActionMask = 2147483647;
			dstPath = /usr/share/man/man1/;
			dstSubfolderSpec = 0;
			files = (
			);
			runOnlyForDeploymentPostprocessing = 1;
		};
/* End PBXCopyFilesBuildPhase section */

/* Begin PBXFileReference section */
		F5974A981BF47FA9000A5FC9 /* DateClassExample */ = {isa = PBXFileReference; explicitFileType = "compiled.mach-o.executable"; includeInIndex = 0; path = DateClassExample; sourceTree = BUILT_PRODUCTS_DIR; };
		F5974A9F1BF47FDF000A5FC9 /* Chrono.cpp */ = {isa = PBXFileReference; fileEncoding = 4; lastKnownFileType = sourcecode.cpp.cpp; path = Chrono.cpp; sourceTree = "<group>"; };
		F5974AA01BF47FDF000A5FC9 /* Chrono.h */ = {isa = PBXFileReference; fileEncoding = 4; lastKnownFileType = sourcecode.c.h; path = Chrono.h; sourceTree = "<group>"; };
		F5974AA11BF47FDF000A5FC9 /* DateClassExample.1 */ = {isa = PBXFileReference; fileEncoding = 4; lastKnownFileType = text.man; path = DateClassExample.1; sourceTree = "<group>"; };
		F5974AA21BF47FDF000A5FC9 /* File.h */ = {isa = PBXFileReference; fileEncoding = 4; lastKnownFileType = sourcecode.c.h; path = File.h; sourceTree = "<group>"; };
		F5974AA31BF47FDF000A5FC9 /* main.cpp */ = {isa = PBXFileReference; fileEncoding = 4; lastKnownFileType = sourcecode.cpp.cpp; path = main.cpp; sourceTree = "<group>"; };
/* End PBXFileReference section */

/* Begin PBXFrameworksBuildPhase section */
		F5974A951BF47FA9000A5FC9 /* Frameworks */ = {
			isa = PBXFrameworksBuildPhase;
			buildActionMask = 2147483647;
			files = (
			);
			runOnlyForDeploymentPostprocessing = 0;
		};
/* End PBXFrameworksBuildPhase section */

/* Begin PBXGroup section */
		F503534D192FBD5F004826A0 = {
			isa = PBXGroup;
			children = (
				F5974A991BF47FA9000A5FC9 /* DateClassExample */,
				F5035357192FBD5F004826A0 /* Products */,
			);
			sourceTree = "<group>";
		};
		F5035357192FBD5F004826A0 /* Products */ = {
			isa = PBXGroup;
			children = (
				F5974A981BF47FA9000A5FC9 /* DateClassExample */,
			);
			name = Products;
			sourceTree = "<group>";
		};
		F5974A991BF47FA9000A5FC9 /* DateClassExample */ = {
			isa = PBXGroup;
			children = (
				F5974A9F1BF47FDF000A5FC9 /* Chrono.cpp */,
				F5974AA01BF47FDF000A5FC9 /* Chrono.h */,
				F5974AA11BF47FDF000A5FC9 /* DateClassExample.1 */,
				F5974AA21BF47FDF000A5FC9 /* File.h */,
				F5974AA31BF47FDF000A5FC9 /* main.cpp */,
			);
			path = DateClassExample;
			sourceTree = "<group>";
		};
/* End PBXGroup section */

/* Begin PBXNativeTarget section */
		F5974A971BF47FA9000A5FC9 /* DateClassExample */ = {
			isa = PBXNativeTarget;
			buildConfigurationList = F5974A9E1BF47FA9000A5FC9 /* Build configuration list for PBXNativeTarget "DateClassExample" */;
			buildPhases = (
				F5974A941BF47FA9000A5FC9 /* Sources */,
				F5974A951BF47FA9000A5FC9 /* Frameworks */,
				F5974A961BF47FA9000A5FC9 /* CopyFiles */,
			);
			buildRules = (
			);
			dependencies = (
			);
			name = DateClassExample;
			productName = DateClassExample;
			productReference = F5974A981BF47FA9000A5FC9 /* DateClassExample */;
			productType = "com.apple.product-type.tool";
		};
/* End PBXNativeTarget section */

/* Begin PBXProject section */
		F503534E192FBD5F004826A0 /* Project object */ = {
			isa = PBXProject;
			attributes = {
				LastUpgradeCheck = 0510;
				ORGANIZATIONNAME = "João Pedro Lebre";
				TargetAttributes = {
					F5974A971BF47FA9000A5FC9 = {
						CreatedOnToolsVersion = 6.4;
					};
				};
			};
			buildConfigurationList = F5035351192FBD5F004826A0 /* Build configuration list for PBXProject "DateClassExample" */;
			compatibilityVersion = "Xcode 3.2";
			developmentRegion = English;
			hasScannedForEncodings = 0;
			knownRegions = (
				en,
			);
			mainGroup = F503534D192FBD5F004826A0;
			productRefGroup = F5035357192FBD5F004826A0 /* Products */;
			projectDirPath = "";
			projectRoot = "";
			targets = (
				F5974A971BF47FA9000A5FC9 /* DateClassExample */,
			);
		};
/* End PBXProject section */

/* Begin PBXSourcesBuildPhase section */
		F5974A941BF47FA9000A5FC9 /* Sources */ = {
			isa = PBXSourcesBuildPhase;
			buildActionMask = 2147483647;
			files = (
				F5974AA41BF47FDF000A5FC9 /* Chrono.cpp in Sources */,
				F5974AA51BF47FDF000A5FC9 /* main.cpp in Sources */,
			);
			runOnlyForDeploymentPostprocessing = 0;
		};
/* End PBXSourcesBuildPhase section */

/* Begin XCBuildConfiguration section */
		F503535D192FBD5F004826A0 /* Debug */ = {
			isa = XCBuildConfiguration;
			buildSettings = {
				ALWAYS_SEARCH_USER_PATHS = NO;
				CLANG_CXX_LANGUAGE_STANDARD = "c++98";
				CLANG_CXX_LIBRARY = "compiler-default";
				CLANG_ENABLE_MODULES = YES;
				CLANG_ENABLE_OBJC_ARC = YES;
				CLANG_WARN_BOOL_CONVERSION = YES;
				CLANG_WARN_CONSTANT_CONVERSION = YES;
				CLANG_WARN_DIRECT_OBJC_ISA_USAGE = YES_ERROR;
				CLANG_WARN_EMPTY_BODY = YES;
				CLANG_WARN_ENUM_CONVERSION = YES;
				CLANG_WARN_INT_CONVERSION = YES;
				CLANG_WARN_OBJC_ROOT_CLASS = YES_ERROR;
				CLANG_WARN__DUPLICATE_METHOD_MATCH = YES;
				COPY_PHASE_STRIP = NO;
				GCC_C_LANGUAGE_STANDARD = gnu99;
				GCC_DYNAMIC_NO_PIC = NO;
				GCC_ENABLE_OBJC_EXCEPTIONS = YES;
				GCC_OPTIMIZATION_LEVEL = 0;
				GCC_PREPROCESSOR_DEFINITIONS = (
					"DEBUG=1",
					"$(inherited)",
				);
				GCC_SYMBOLS_PRIVATE_EXTERN = NO;
				GCC_WARN_64_TO_32_BIT_CONVERSION = YES;
				GCC_WARN_ABOUT_RETURN_TYPE = YES_ERROR;
				GCC_WARN_UNDECLARED_SELECTOR = YES;
				GCC_WARN_UNINITIALIZED_AUTOS = YES_AGGRESSIVE;
				GCC_WARN_UNUSED_FUNCTION = YES;
				GCC_WARN_UNUSED_VARIABLE = YES;
				MACOSX_DEPLOYMENT_TARGET = 10.8;
				ONLY_ACTIVE_ARCH = YES;
				SDKROOT = macosx;
			};
			name = Debug;
		};
		F503535E192FBD5F004826A0 /* Release */ = {
			isa = XCBuildConfiguration;
			buildSettings = {
				ALWAYS_SEARCH_USER_PATHS = NO;
				CLANG_CXX_LANGUAGE_STANDARD = "c++98";
				CLANG_CXX_LIBRARY = "compiler-default";
				CLANG_ENABLE_MODULES = YES;
				CLANG_ENABLE_OBJC_ARC = YES;
				CLANG_WARN_BOOL_CONVERSION = YES;
				CLANG_WARN_CONSTANT_CONVERSION = YES;
				CLANG_WARN_DIRECT_OBJC_ISA_USAGE = YES_ERROR;
				CLANG_WARN_EMPTY_BODY = YES;
				CLANG_WARN_ENUM_CONVERSION = YES;
				CLANG_WARN_INT_CONVERSION = YES;
				CLANG_WARN_OBJC_ROOT_CLASS = YES_ERROR;
				CLANG_WARN__DUPLICATE_METHOD_MATCH = YES;
				COPY_PHASE_STRIP = YES;
				DEBUG_INFORMATION_FORMAT = "dwarf-with-dsym";
				ENABLE_NS_ASSERTIONS = NO;
				GCC_C_LANGUAGE_STANDARD = gnu99;
				GCC_ENABLE_OBJC_EXCEPTIONS = YES;
				GCC_WARN_64_TO_32_BIT_CONVERSION = YES;
				GCC_WARN_ABOUT_RETURN_TYPE = YES_ERROR;
				GCC_WARN_UNDECLARED_SELECTOR = YES;
				GCC_WARN_UNINITIALIZED_AUTOS = YES_AGGRESSIVE;
				GCC_WARN_UNUSED_FUNCTION = YES;
				GCC_WARN_UNUSED_VARIABLE = YES;
				MACOSX_DEPLOYMENT_TARGET = 10.8;
				SDKROOT = macosx;
			};
			name = Release;
		};
		F5974A9C1BF47FA9000A5FC9 /* Debug */ = {
			isa = XCBuildConfiguration;
			buildSettings = {
				CLANG_CXX_LANGUAGE_STANDARD = "gnu++0x";
				CLANG_CXX_LIBRARY = "libc++";
				CLANG_WARN_UNREACHABLE_CODE = YES;
				DEBUG_INFORMATION_FORMAT = dwarf;
				ENABLE_STRICT_OBJC_MSGSEND = YES;
				GCC_NO_COMMON_BLOCKS = YES;
				GCC_PREPROCESSOR_DEFINITIONS = (
					"DEBUG=1",
					"$(inherited)",
				);
				MACOSX_DEPLOYMENT_TARGET = 10.10;
				MTL_ENABLE_DEBUG_INFO = YES;
				PRODUCT_NAME = "$(TARGET_NAME)";
			};
			name = Debug;
		};
		F5974A9D1BF47FA9000A5FC9 /* Release */ = {
			isa = XCBuildConfiguration;
			buildSettings = {
				CLANG_CXX_LANGUAGE_STANDARD = "gnu++0x";
				CLANG_CXX_LIBRARY = "libc++";
				CLANG_WARN_UNREACHABLE_CODE = YES;
				COPY_PHASE_STRIP = NO;
				ENABLE_STRICT_OBJC_MSGSEND = YES;
				GCC_NO_COMMON_BLOCKS = YES;
				MACOSX_DEPLOYMENT_TARGET = 10.10;
				MTL_ENABLE_DEBUG_INFO = NO;
				PRODUCT_NAME = "$(TARGET_NAME)";
			};
			name = Release;
		};
/* End XCBuildConfiguration section */

/* Begin XCConfigurationList section */
		F5035351192FBD5F004826A0 /* Build configuration list for PBXProject "DateClassExample" */ = {
			isa = XCConfigurationList;
			buildConfigurations = (
				F503535D192FBD5F004826A0 /* Debug */,
				F503535E192FBD5F004826A0 /* Release */,
			);
			defaultConfigurationIsVisible = 0;
			defaultConfigurationName = Release;
		};
		F5974A9E1BF47FA9000A5FC9 /* Build configuration list for PBXNativeTarget "DateClassExample" */ = {
			isa = XCConfigurationList;
			buildConfigurations = (
				F5974A9C1BF47FA9000A5FC9 /* Debug */,
				F5974A9D1BF47FA9000A5FC9 /* Release */,
			);
			defaultConfigurationIsVisible = 0;
		};
/* End XCConfigurationList section */
	};
	rootObject = F503534E192FBD5F004826A0 /* Project object */;
}
