// !$*UTF8*$!
{
	archiveVersion = 1;
	classes = {
	};
	objectVersion = 46;
	objects = {

/* Begin PBXBuildFile section */
		F51984FF1BF3324E00E4069F /* main.cpp in Sources */ = {isa = PBXBuildFile; fileRef = F51984FD1BF3324E00E4069F /* main.cpp */; };
/* End PBXBuildFile section */

/* Begin PBXCopyFilesBuildPhase section */
		F51984F41BF3321E00E4069F /* CopyFiles */ = {
			isa = PBXCopyFilesBuildPhase;
			buildActionMask = 2147483647;
			dstPath = /usr/share/man/man1/;
			dstSubfolderSpec = 0;
			files = (
			);
			runOnlyForDeploymentPostprocessing = 1;
		};
/* End PBXCopyFilesBuildPhase section */

/* Begin PBXFileReference section */
		F51984F61BF3321E00E4069F /* WhichNumberAreYouThinking */ = {isa = PBXFileReference; explicitFileType = "compiled.mach-o.executable"; includeInIndex = 0; path = WhichNumberAreYouThinking; sourceTree = BUILT_PRODUCTS_DIR; };
		F51984FD1BF3324E00E4069F /* main.cpp */ = {isa = PBXFileReference; fileEncoding = 4; lastKnownFileType = sourcecode.cpp.cpp; path = main.cpp; sourceTree = "<group>"; };
		F51984FE1BF3324E00E4069F /* WhichNumberAreYouThinking.1 */ = {isa = PBXFileReference; fileEncoding = 4; lastKnownFileType = text.man; path = WhichNumberAreYouThinking.1; sourceTree = "<group>"; };
/* End PBXFileReference section */

/* Begin PBXFrameworksBuildPhase section */
		F51984F31BF3321E00E4069F /* Frameworks */ = {
			isa = PBXFrameworksBuildPhase;
			buildActionMask = 2147483647;
			files = (
			);
			runOnlyForDeploymentPostprocessing = 0;
		};
/* End PBXFrameworksBuildPhase section */

/* Begin PBXGroup section */
		F51984F71BF3321E00E4069F /* WhichNumberAreYouThinking */ = {
			isa = PBXGroup;
			children = (
				F51984FD1BF3324E00E4069F /* main.cpp */,
				F51984FE1BF3324E00E4069F /* WhichNumberAreYouThinking.1 */,
			);
			path = WhichNumberAreYouThinking;
			sourceTree = "<group>";
		};
		F56D144C18D10C6E002E2E12 = {
			isa = PBXGroup;
			children = (
				F51984F71BF3321E00E4069F /* WhichNumberAreYouThinking */,
				F56D145618D10C6E002E2E12 /* Products */,
			);
			sourceTree = "<group>";
		};
		F56D145618D10C6E002E2E12 /* Products */ = {
			isa = PBXGroup;
			children = (
				F51984F61BF3321E00E4069F /* WhichNumberAreYouThinking */,
			);
			name = Products;
			sourceTree = "<group>";
		};
/* End PBXGroup section */

/* Begin PBXNativeTarget section */
		F51984F51BF3321E00E4069F /* WhichNumberAreYouThinking */ = {
			isa = PBXNativeTarget;
			buildConfigurationList = F51984FC1BF3321E00E4069F /* Build configuration list for PBXNativeTarget "WhichNumberAreYouThinking" */;
			buildPhases = (
				F51984F21BF3321E00E4069F /* Sources */,
				F51984F31BF3321E00E4069F /* Frameworks */,
				F51984F41BF3321E00E4069F /* CopyFiles */,
			);
			buildRules = (
			);
			dependencies = (
			);
			name = WhichNumberAreYouThinking;
			productName = WhichNumberAreYouThinking;
			productReference = F51984F61BF3321E00E4069F /* WhichNumberAreYouThinking */;
			productType = "com.apple.product-type.tool";
		};
/* End PBXNativeTarget section */

/* Begin PBXProject section */
		F56D144D18D10C6E002E2E12 /* Project object */ = {
			isa = PBXProject;
			attributes = {
				LastUpgradeCheck = 0500;
				ORGANIZATIONNAME = "João Pedro Lebre";
				TargetAttributes = {
					F51984F51BF3321E00E4069F = {
						CreatedOnToolsVersion = 6.4;
					};
				};
			};
			buildConfigurationList = F56D145018D10C6E002E2E12 /* Build configuration list for PBXProject "WichNumberAreYouThinking" */;
			compatibilityVersion = "Xcode 3.2";
			developmentRegion = English;
			hasScannedForEncodings = 0;
			knownRegions = (
				en,
			);
			mainGroup = F56D144C18D10C6E002E2E12;
			productRefGroup = F56D145618D10C6E002E2E12 /* Products */;
			projectDirPath = "";
			projectRoot = "";
			targets = (
				F51984F51BF3321E00E4069F /* WhichNumberAreYouThinking */,
			);
		};
/* End PBXProject section */

/* Begin PBXSourcesBuildPhase section */
		F51984F21BF3321E00E4069F /* Sources */ = {
			isa = PBXSourcesBuildPhase;
			buildActionMask = 2147483647;
			files = (
				F51984FF1BF3324E00E4069F /* main.cpp in Sources */,
			);
			runOnlyForDeploymentPostprocessing = 0;
		};
/* End PBXSourcesBuildPhase section */

/* Begin XCBuildConfiguration section */
		F51984FA1BF3321E00E4069F /* Debug */ = {
			isa = XCBuildConfiguration;
			buildSettings = {
				CLANG_ENABLE_MODULES = YES;
				CLANG_WARN_UNREACHABLE_CODE = YES;
				DEBUG_INFORMATION_FORMAT = dwarf;
				ENABLE_STRICT_OBJC_MSGSEND = YES;
				GCC_NO_COMMON_BLOCKS = YES;
				GCC_PREPROCESSOR_DEFINITIONS = (
					"DEBUG=1",
					"$(inherited)",
				);
				GCC_WARN_UNINITIALIZED_AUTOS = YES_AGGRESSIVE;
				MACOSX_DEPLOYMENT_TARGET = 10.10;
				MTL_ENABLE_DEBUG_INFO = YES;
				PRODUCT_NAME = "$(TARGET_NAME)";
			};
			name = Debug;
		};
		F51984FB1BF3321E00E4069F /* Release */ = {
			isa = XCBuildConfiguration;
			buildSettings = {
				CLANG_ENABLE_MODULES = YES;
				CLANG_WARN_UNREACHABLE_CODE = YES;
				COPY_PHASE_STRIP = NO;
				ENABLE_STRICT_OBJC_MSGSEND = YES;
				GCC_NO_COMMON_BLOCKS = YES;
				GCC_WARN_UNINITIALIZED_AUTOS = YES_AGGRESSIVE;
				MACOSX_DEPLOYMENT_TARGET = 10.10;
				MTL_ENABLE_DEBUG_INFO = NO;
				PRODUCT_NAME = "$(TARGET_NAME)";
			};
			name = Release;
		};
		F56D145C18D10C6E002E2E12 /* Debug */ = {
			isa = XCBuildConfiguration;
			buildSettings = {
				ALWAYS_SEARCH_USER_PATHS = NO;
				CLANG_CXX_LANGUAGE_STANDARD = "gnu++0x";
				CLANG_CXX_LIBRARY = "libc++";
				CLANG_ENABLE_OBJC_ARC = YES;
				CLANG_WARN_BOOL_CONVERSION = YES;
				CLANG_WARN_CONSTANT_CONVERSION = YES;
				CLANG_WARN_DIRECT_OBJC_ISA_USAGE = YES_ERROR;
				CLANG_WARN_EMPTY_BODY = YES;
				CLANG_WARN_ENUM_CONVERSION = YES;
				CLANG_WARN_INT_CONVERSION = YES;
				CLANG_WARN_OBJC_ROOT_CLASS = YES_ERROR;
				CLANG_WARN__DUPLICATE_METHOD_MATCH = YES;
				COPY_PHASE_STRIP = NO;
				GCC_C_LANGUAGE_STANDARD = gnu99;
				GCC_DYNAMIC_NO_PIC = NO;
				GCC_ENABLE_OBJC_EXCEPTIONS = YES;
				GCC_OPTIMIZATION_LEVEL = 0;
				GCC_PREPROCESSOR_DEFINITIONS = (
					"DEBUG=1",
					"$(inherited)",
				);
				GCC_SYMBOLS_PRIVATE_EXTERN = NO;
				GCC_WARN_64_TO_32_BIT_CONVERSION = YES;
				GCC_WARN_ABOUT_RETURN_TYPE = YES_ERROR;
				GCC_WARN_UNDECLARED_SELECTOR = YES;
				GCC_WARN_UNINITIALIZED_AUTOS = YES;
				GCC_WARN_UNUSED_FUNCTION = YES;
				GCC_WARN_UNUSED_VARIABLE = YES;
				MACOSX_DEPLOYMENT_TARGET = 10.8;
				ONLY_ACTIVE_ARCH = YES;
				SDKROOT = macosx;
			};
			name = Debug;
		};
		F56D145D18D10C6E002E2E12 /* Release */ = {
			isa = XCBuildConfiguration;
			buildSettings = {
				ALWAYS_SEARCH_USER_PATHS = NO;
				CLANG_CXX_LANGUAGE_STANDARD = "gnu++0x";
				CLANG_CXX_LIBRARY = "libc++";
				CLANG_ENABLE_OBJC_ARC = YES;
				CLANG_WARN_BOOL_CONVERSION = YES;
				CLANG_WARN_CONSTANT_CONVERSION = YES;
				CLANG_WARN_DIRECT_OBJC_ISA_USAGE = YES_ERROR;
				CLANG_WARN_EMPTY_BODY = YES;
				CLANG_WARN_ENUM_CONVERSION = YES;
				CLANG_WARN_INT_CONVERSION = YES;
				CLANG_WARN_OBJC_ROOT_CLASS = YES_ERROR;
				CLANG_WARN__DUPLICATE_METHOD_MATCH = YES;
				COPY_PHASE_STRIP = YES;
				DEBUG_INFORMATION_FORMAT = "dwarf-with-dsym";
				ENABLE_NS_ASSERTIONS = NO;
				GCC_C_LANGUAGE_STANDARD = gnu99;
				GCC_ENABLE_OBJC_EXCEPTIONS = YES;
				GCC_WARN_64_TO_32_BIT_CONVERSION = YES;
				GCC_WARN_ABOUT_RETURN_TYPE = YES_ERROR;
				GCC_WARN_UNDECLARED_SELECTOR = YES;
				GCC_WARN_UNINITIALIZED_AUTOS = YES;
				GCC_WARN_UNUSED_FUNCTION = YES;
				GCC_WARN_UNUSED_VARIABLE = YES;
				MACOSX_DEPLOYMENT_TARGET = 10.8;
				SDKROOT = macosx;
			};
			name = Release;
		};
/* End XCBuildConfiguration section */

/* Begin XCConfigurationList section */
		F51984FC1BF3321E00E4069F /* Build configuration list for PBXNativeTarget "WhichNumberAreYouThinking" */ = {
			isa = XCConfigurationList;
			buildConfigurations = (
				F51984FA1BF3321E00E4069F /* Debug */,
				F51984FB1BF3321E00E4069F /* Release */,
			);
			defaultConfigurationIsVisible = 0;
		};
		F56D145018D10C6E002E2E12 /* Build configuration list for PBXProject "WichNumberAreYouThinking" */ = {
			isa = XCConfigurationList;
			buildConfigurations = (
				F56D145C18D10C6E002E2E12 /* Debug */,
				F56D145D18D10C6E002E2E12 /* Release */,
			);
			defaultConfigurationIsVisible = 0;
			defaultConfigurationName = Release;
		};
/* End XCConfigurationList section */
	};
	rootObject = F56D144D18D10C6E002E2E12 /* Project object */;
}
